
Microsoft Visual Studio Solution File, Format Version 12.00
# Visual Studio Version 16
VisualStudioVersion = 16.0.31515.178
MinimumVisualStudioVersion = 10.0.40219.1
Project("{2150E333-8FDC-42A3-9474-1A3956D46DE8}") = "Solution Items", "Solution Items", "{9E421C2F-DABD-4F6C-B8CE-0BD9F749C2CB}"
	ProjectSection(SolutionItems) = preProject
		.gitignore = .gitignore
		README.md = README.md
	EndProjectSection
EndProject
Project("{9A19103F-16F7-4668-BE54-9A1E7A4F7556}") = "EncompassApi.Extensions", "src\EncompassApi.Extensions\EncompassApi.Extensions.csproj", "{451672C9-907C-4F28-B8E3-77DEDAE3D730}"
EndProject
Project("{FAE04EC0-301F-11D3-BF4B-00C04F79EFBC}") = "EncompassApi.Extensions.Test", "src\EncompassApi.Extensions.Test\EncompassApi.Extensions.Test.csproj", "{0DCC9FF9-B2FF-4513-97E4-20FB90ACC9E8}"
EndProject
Global
	GlobalSection(SolutionConfigurationPlatforms) = preSolution
		Debug|Any CPU = Debug|Any CPU
		Release|Any CPU = Release|Any CPU
	EndGlobalSection
	GlobalSection(ProjectConfigurationPlatforms) = postSolution
		{451672C9-907C-4F28-B8E3-77DEDAE3D730}.Debug|Any CPU.ActiveCfg = Debug|Any CPU
		{451672C9-907C-4F28-B8E3-77DEDAE3D730}.Debug|Any CPU.Build.0 = Debug|Any CPU
		{451672C9-907C-4F28-B8E3-77DEDAE3D730}.Release|Any CPU.ActiveCfg = Release|Any CPU
		{451672C9-907C-4F28-B8E3-77DEDAE3D730}.Release|Any CPU.Build.0 = Release|Any CPU
		{0DCC9FF9-B2FF-4513-97E4-20FB90ACC9E8}.Debug|Any CPU.ActiveCfg = Debug|Any CPU
		{0DCC9FF9-B2FF-4513-97E4-20FB90ACC9E8}.Debug|Any CPU.Build.0 = Debug|Any CPU
		{0DCC9FF9-B2FF-4513-97E4-20FB90ACC9E8}.Release|Any CPU.ActiveCfg = Release|Any CPU
		{0DCC9FF9-B2FF-4513-97E4-20FB90ACC9E8}.Release|Any CPU.Build.0 = Release|Any CPU
	EndGlobalSection
	GlobalSection(SolutionProperties) = preSolution
		HideSolutionNode = FALSE
	EndGlobalSection
	GlobalSection(NestedProjects) = preSolution
		{451672C9-907C-4F28-B8E3-77DEDAE3D730} = {9E421C2F-DABD-4F6C-B8CE-0BD9F749C2CB}
		{0DCC9FF9-B2FF-4513-97E4-20FB90ACC9E8} = {9E421C2F-DABD-4F6C-B8CE-0BD9F749C2CB}
	EndGlobalSection
	GlobalSection(ExtensibilityGlobals) = postSolution
		SolutionGuid = {D7CB1E8B-1CF6-43CA-8D4E-797D82A55344}
	EndGlobalSection
EndGlobal
